{
  "name": "@aarock/token",
  "version": "1.0.0",
  "lockfileVersion": 2,
  "requires": true,
  "packages": {
    "": {
      "name": "@aarock/token",
      "version": "1.0.0",
      "license": "UNLICENSED",
      "dependencies": {
        "@aarock/flake": "^1.0",
        "jose": "^4.11"
      },
      "devDependencies": {
        "@types/node": "^18.11",
        "typescript": "^4.7"
      }
    },
    "node_modules/@aarock/flake": {
      "version": "1.0.0",
      "resolved": "https://npm.pkg.github.com/download/@aarock/flake/1.0.0/cc09ee37dc1f8577ffcd91e986de10d3885949bb",
      "integrity": "sha512-ac0vh/MccX1MhK08VzgEkjf0yS38aGKL9Rwq3bbeeYoJjgm4Q4hORkaO1XAHXf0huvL+5HxCuoqFy03CeDdf6Q==",
      "license": "MIT"
    },
    "node_modules/@types/node": {
      "version": "18.11.19",
      "resolved": "https://registry.npmjs.org/@types/node/-/node-18.11.19.tgz",
      "integrity": "sha512-YUgMWAQBWLObABqrvx8qKO1enAvBUdjZOAWQ5grBAkp5LQv45jBvYKZ3oFS9iKRCQyFjqw6iuEa1vmFqtxYLZw==",
      "dev": true
    },
    "node_modules/jose": {
      "version": "4.11.2",
      "resolved": "https://registry.npmjs.org/jose/-/jose-4.11.2.tgz",
      "integrity": "sha512-njj0VL2TsIxCtgzhO+9RRobBvws4oYyCM8TpvoUQwl/MbIM3NFJRR9+e6x0sS5xXaP1t6OCBkaBME98OV9zU5A==",
      "funding": {
        "url": "https://github.com/sponsors/panva"
      }
    },
    "node_modules/typescript": {
      "version": "4.9.5",
      "resolved": "https://registry.npmjs.org/typescript/-/typescript-4.9.5.tgz",
      "integrity": "sha512-1FXk9E2Hm+QzZQ7z+McJiHL4NW1F2EzMu9Nq9i3zAaGqibafqYwCVU6WyWAuyQRRzOlxou8xZSyXLEN8oKj24g==",
      "dev": true,
      "bin": {
        "tsc": "bin/tsc",
        "tsserver": "bin/tsserver"
      },
      "engines": {
        "node": ">=4.2.0"
      }
    }
  },
  "dependencies": {
    "@aarock/flake": {
      "version": "1.0.0",
      "resolved": "https://npm.pkg.github.com/download/@aarock/flake/1.0.0/cc09ee37dc1f8577ffcd91e986de10d3885949bb",
      "integrity": "sha512-ac0vh/MccX1MhK08VzgEkjf0yS38aGKL9Rwq3bbeeYoJjgm4Q4hORkaO1XAHXf0huvL+5HxCuoqFy03CeDdf6Q=="
    },
    "@types/node": {
      "version": "18.11.19",
      "resolved": "https://registry.npmjs.org/@types/node/-/node-18.11.19.tgz",
      "integrity": "sha512-YUgMWAQBWLObABqrvx8qKO1enAvBUdjZOAWQ5grBAkp5LQv45jBvYKZ3oFS9iKRCQyFjqw6iuEa1vmFqtxYLZw==",
      "dev": true
    },
    "jose": {
      "version": "4.11.2",
      "resolved": "https://registry.npmjs.org/jose/-/jose-4.11.2.tgz",
      "integrity": "sha512-njj0VL2TsIxCtgzhO+9RRobBvws4oYyCM8TpvoUQwl/MbIM3NFJRR9+e6x0sS5xXaP1t6OCBkaBME98OV9zU5A=="
    },
    "typescript": {
      "version": "4.9.5",
      "resolved": "https://registry.npmjs.org/typescript/-/typescript-4.9.5.tgz",
      "integrity": "sha512-1FXk9E2Hm+QzZQ7z+McJiHL4NW1F2EzMu9Nq9i3zAaGqibafqYwCVU6WyWAuyQRRzOlxou8xZSyXLEN8oKj24g==",
      "dev": true
    }
  }
}
